<?xml version="1.0" encoding="utf-8"?>
<Project ToolsVersion="4.0" xmlns="http://schemas.microsoft.com/developer/msbuild/2003">
  <ItemGroup>
    <Filter Include="win32">
      <UniqueIdentifier>{84a8ebd7-7cf0-47f6-b75e-d441df67da40}</UniqueIdentifier>
    </Filter>
    <Filter Include="resource">
      <UniqueIdentifier>{715254bc-d70b-4ec5-bf29-467dd3ace079}</UniqueIdentifier>
    </Filter>
    <Filter Include="src">
      <UniqueIdentifier>{bb6c862e-70e9-49d9-81b7-3829a6f50471}</UniqueIdentifier>
    </Filter>
    <Filter Include="src\Physics">
      <UniqueIdentifier>{f631087c-ce2f-496d-810e-5965c77af8fb}</UniqueIdentifier>
    </Filter>
    <Filter Include="src\BattleLayers">
      <UniqueIdentifier>{07dbdff5-0546-4008-89f3-f359cabc4c6b}</UniqueIdentifier>
    </Filter>
    <Filter Include="src\BattleLogic">
      <UniqueIdentifier>{eddde4b8-2b4a-4590-9bb7-4b059f7475de}</UniqueIdentifier>
    </Filter>
    <Filter Include="src\AI">
      <UniqueIdentifier>{cdd30d7a-53de-439b-9620-d8eff269b439}</UniqueIdentifier>
    </Filter>
    <Filter Include="src\GameLogic">
      <UniqueIdentifier>{bee7b471-8814-477d-b1f0-90550e402a58}</UniqueIdentifier>
    </Filter>
    <Filter Include="src\Shaders">
      <UniqueIdentifier>{114f0305-1b40-4e9f-913d-25ca75adae87}</UniqueIdentifier>
    </Filter>
    <Filter Include="src\Scenes">
      <UniqueIdentifier>{e6acf698-0754-47d0-bac5-2258facb4dfa}</UniqueIdentifier>
    </Filter>
    <Filter Include="src\Utils">
      <UniqueIdentifier>{e37dd297-cf75-4cbc-9a7c-17bacf6fcf1c}</UniqueIdentifier>
    </Filter>
    <Filter Include="src\BattleLogic\Skills">
      <UniqueIdentifier>{c93b1f41-c035-4762-a222-8baf61db3d4b}</UniqueIdentifier>
    </Filter>
  </ItemGroup>
  <ItemGroup>
    <ClCompile Include="main.cpp">
      <Filter>win32</Filter>
    </ClCompile>
    <ClCompile Include="..\Classes\AppDelegate.cpp">
      <Filter>src</Filter>
    </ClCompile>
    <ClCompile Include="..\Classes\Scenes\MainMenuScene.cpp">
      <Filter>src\Scenes</Filter>
    </ClCompile>
    <ClCompile Include="..\Classes\Scenes\BattleScene.cpp">
      <Filter>src\Scenes</Filter>
    </ClCompile>
    <ClCompile Include="..\Classes\Physics\BodyBase.cpp">
      <Filter>src\Physics</Filter>
    </ClCompile>
    <ClCompile Include="..\Classes\BattleLayers\MainLayer.cpp">
      <Filter>src\BattleLayers</Filter>
    </ClCompile>
    <ClCompile Include="..\Classes\BattleLayers\Joystick.cpp">
      <Filter>src\BattleLayers</Filter>
    </ClCompile>
    <ClCompile Include="..\Classes\BattleLayers\HUDLayer.cpp">
      <Filter>src\BattleLayers</Filter>
    </ClCompile>
    <ClCompile Include="..\Classes\Physics\BulletBase.cpp">
      <Filter>src\Physics</Filter>
    </ClCompile>
    <ClCompile Include="..\Classes\Physics\ShipBase.cpp">
      <Filter>src\Physics</Filter>
    </ClCompile>
    <ClCompile Include="..\Classes\BattleLogic\Spawner.cpp">
      <Filter>src\BattleLogic</Filter>
    </ClCompile>
    <ClCompile Include="..\Classes\BattleLogic\LogicalShip.cpp">
      <Filter>src\BattleLogic</Filter>
    </ClCompile>
    <ClCompile Include="..\Classes\BattleLogic\LogicalWeapon.cpp">
      <Filter>src\BattleLogic</Filter>
    </ClCompile>
    <ClCompile Include="..\Classes\PopupMenu.cpp">
      <Filter>src</Filter>
    </ClCompile>
    <ClCompile Include="..\Classes\BattleLayers\SettingsLayer.cpp">
      <Filter>src\BattleLayers</Filter>
    </ClCompile>
    <ClCompile Include="..\Classes\BattleLayers\EndGameStats.cpp">
      <Filter>src\BattleLayers</Filter>
    </ClCompile>
    <ClCompile Include="..\Classes\AI\AIBase.cpp">
      <Filter>src\AI</Filter>
    </ClCompile>
    <ClCompile Include="..\Classes\GameLogic\GameManager.cpp">
      <Filter>src\GameLogic</Filter>
    </ClCompile>
    <ClCompile Include="..\Classes\Shaders\Shaders.cpp">
      <Filter>src\Shaders</Filter>
    </ClCompile>
    <ClCompile Include="..\Classes\BattleLogic\BattleManager.cpp">
      <Filter>src\BattleLogic</Filter>
    </ClCompile>
    <ClCompile Include="..\Classes\GameLogic\LevelInfo.cpp">
      <Filter>src\GameLogic</Filter>
    </ClCompile>
    <ClCompile Include="..\Classes\Scenes\LevelSelectScene.cpp">
      <Filter>src\Scenes</Filter>
    </ClCompile>
    <ClCompile Include="..\Classes\Physics\EnemyShip.cpp">
      <Filter>src\Physics</Filter>
    </ClCompile>
  </ItemGroup>
  <ItemGroup>
    <ClInclude Include="main.h">
      <Filter>win32</Filter>
    </ClInclude>
    <ClInclude Include="..\Classes\AppDelegate.h">
      <Filter>src</Filter>
    </ClInclude>
    <ClInclude Include="..\Classes\Utils.h">
      <Filter>src</Filter>
    </ClInclude>
    <ClInclude Include="..\Classes\Scenes\MainMenuScene.h">
      <Filter>src\Scenes</Filter>
    </ClInclude>
    <ClInclude Include="..\Classes\Scenes\BattleScene.h">
      <Filter>src\Scenes</Filter>
    </ClInclude>
    <ClInclude Include="..\Classes\Physics\BodyBase.h">
      <Filter>src\Physics</Filter>
    </ClInclude>
    <ClInclude Include="..\Classes\BattleLayers\MainLayer.h">
      <Filter>src\BattleLayers</Filter>
    </ClInclude>
    <ClInclude Include="..\Classes\BattleLayers\Joystick.h">
      <Filter>src\BattleLayers</Filter>
    </ClInclude>
    <ClInclude Include="..\Classes\BattleLayers\HUDLayer.h">
      <Filter>src\BattleLayers</Filter>
    </ClInclude>
    <ClInclude Include="..\Classes\Physics\BulletBase.h">
      <Filter>src\Physics</Filter>
    </ClInclude>
    <ClInclude Include="..\Classes\Physics\ShipBase.h">
      <Filter>src\Physics</Filter>
    </ClInclude>
    <ClInclude Include="..\Classes\BattleLogic\Spawner.h">
      <Filter>src\BattleLogic</Filter>
    </ClInclude>
    <ClInclude Include="..\Classes\BattleLogic\LogicalShip.h">
      <Filter>src\BattleLogic</Filter>
    </ClInclude>
    <ClInclude Include="..\Classes\BattleLogic\LogicalWeapon.h">
      <Filter>src\BattleLogic</Filter>
    </ClInclude>
    <ClInclude Include="..\Classes\PopupMenu.h">
      <Filter>src</Filter>
    </ClInclude>
    <ClInclude Include="..\Classes\BattleLayers\SettingsLayer.h">
      <Filter>src\BattleLayers</Filter>
    </ClInclude>
    <ClInclude Include="..\Classes\BattleLayers\EndGameStats.h">
      <Filter>src\BattleLayers</Filter>
    </ClInclude>
    <ClInclude Include="..\Classes\AI\AIBase.h">
      <Filter>src\AI</Filter>
    </ClInclude>
    <ClInclude Include="..\Classes\GameLogic\GameManager.h">
      <Filter>src\GameLogic</Filter>
    </ClInclude>
    <ClInclude Include="..\Classes\Shaders\Shaders.h">
      <Filter>src\Shaders</Filter>
    </ClInclude>
    <ClInclude Include="..\Classes\BattleLogic\BattleManager.h">
      <Filter>src\BattleLogic</Filter>
    </ClInclude>
    <ClInclude Include="..\Classes\GameLogic\LevelInfo.h">
      <Filter>src\GameLogic</Filter>
    </ClInclude>
    <ClInclude Include="..\Classes\Utils\FileReader.h">
      <Filter>src\Utils</Filter>
    </ClInclude>
    <ClInclude Include="..\Classes\Scenes\LevelSelectScene.h">
      <Filter>src\Scenes</Filter>
    </ClInclude>
    <ClInclude Include="..\Classes\Physics\EnemyShip.h">
      <Filter>src\Physics</Filter>
    </ClInclude>
    <ClInclude Include="..\Classes\BattleLogic\Skills\SkillBase.h">
      <Filter>src\BattleLogic\Skills</Filter>
    </ClInclude>
    <ClInclude Include="..\Classes\BattleLogic\Skills\NormalAtack.h">
      <Filter>src\BattleLogic\Skills</Filter>
    </ClInclude>
  </ItemGroup>
  <ItemGroup>
    <ResourceCompile Include="game.rc">
      <Filter>resource</Filter>
    </ResourceCompile>
  </ItemGroup>
</Project>